
Microsoft Visual Studio Solution File, Format Version 12.00
# Visual Studio Version 17
VisualStudioVersion = 17.3.32929.385
MinimumVisualStudioVersion = 10.0.40219.1
Project("{FAE04EC0-301F-11D3-BF4B-00C04F79EFBC}") = "DESTEK UYGULAMASI", "DESTEK UYGULAMASI\DESTEK UYGULAMASI.csproj", "{DD4FE083-E199-46A1-BCCD-68C93F3398A0}"
EndProject
Global
	GlobalSection(SolutionConfigurationPlatforms) = preSolution
		Debug|Any CPU = Debug|Any CPU
		Release|Any CPU = Release|Any CPU
	EndGlobalSection
	GlobalSection(ProjectConfigurationPlatforms) = postSolution
		{DD4FE083-E199-46A1-BCCD-68C93F3398A0}.Debug|Any CPU.ActiveCfg = Debug|Any CPU
		{DD4FE083-E199-46A1-BCCD-68C93F3398A0}.Debug|Any CPU.Build.0 = Debug|Any CPU
		{DD4FE083-E199-46A1-BCCD-68C93F3398A0}.Release|Any CPU.ActiveCfg = Release|Any CPU
		{DD4FE083-E199-46A1-BCCD-68C93F3398A0}.Release|Any CPU.Build.0 = Release|Any CPU
	EndGlobalSection
	GlobalSection(SolutionProperties) = preSolution
		HideSolutionNode = FALSE
	EndGlobalSection
	GlobalSection(ExtensibilityGlobals) = postSolution
		SolutionGuid = {EE846E82-F4BB-4E43-81AC-0296C36221C7}
	EndGlobalSection
EndGlobal
